
Microsoft Visual Studio Solution File, Format Version 12.00
# Visual Studio Version 17
VisualStudioVersion = 17.4.33205.214
MinimumVisualStudioVersion = 10.0.40219.1
Project("{FAE04EC0-301F-11D3-BF4B-00C04F79EFBC}") = "EFI-Runner", "EFI-Runner.csproj", "{A666E541-4BE1-43C8-A377-CBA3F53AF34E}"
EndProject
Global
	GlobalSection(SolutionConfigurationPlatforms) = preSolution
		Debug|Any CPU = Debug|Any CPU
		Release|Any CPU = Release|Any CPU
	EndGlobalSection
	GlobalSection(ProjectConfigurationPlatforms) = postSolution
		{A666E541-4BE1-43C8-A377-CBA3F53AF34E}.Debug|Any CPU.ActiveCfg = Debug|Any CPU
		{A666E541-4BE1-43C8-A377-CBA3F53AF34E}.Debug|Any CPU.Build.0 = Debug|Any CPU
		{A666E541-4BE1-43C8-A377-CBA3F53AF34E}.Release|Any CPU.ActiveCfg = Release|Any CPU
		{A666E541-4BE1-43C8-A377-CBA3F53AF34E}.Release|Any CPU.Build.0 = Release|Any CPU
	EndGlobalSection
	GlobalSection(SolutionProperties) = preSolution
		HideSolutionNode = FALSE
	EndGlobalSection
	GlobalSection(ExtensibilityGlobals) = postSolution
		SolutionGuid = {0965907F-448E-4841-99CE-AE99CDAEA853}
	EndGlobalSection
EndGlobal
